
Microsoft Visual Studio Solution File, Format Version 12.00
# Visual Studio Version 16
VisualStudioVersion = 16.0.31515.178
MinimumVisualStudioVersion = 10.0.40219.1
Project("{888888A0-9F3D-457C-B088-3A5042F75D52}") = "StringsAndDates", "StringsAndDates.pyproj", "{DEB213E1-E9FE-44B0-980F-0898C38B8414}"
EndProject
Global
	GlobalSection(SolutionConfigurationPlatforms) = preSolution
		Debug|Any CPU = Debug|Any CPU
		Release|Any CPU = Release|Any CPU
	EndGlobalSection
	GlobalSection(ProjectConfigurationPlatforms) = postSolution
		{DEB213E1-E9FE-44B0-980F-0898C38B8414}.Debug|Any CPU.ActiveCfg = Debug|Any CPU
		{DEB213E1-E9FE-44B0-980F-0898C38B8414}.Release|Any CPU.ActiveCfg = Release|Any CPU
	EndGlobalSection
	GlobalSection(SolutionProperties) = preSolution
		HideSolutionNode = FALSE
	EndGlobalSection
	GlobalSection(ExtensibilityGlobals) = postSolution
		SolutionGuid = {A0536003-236D-4B7A-B6B8-E66D94F9246F}
	EndGlobalSection
EndGlobal
